
Microsoft Visual Studio Solution File, Format Version 12.00
# Visual Studio 15
VisualStudioVersion = 15.0.28307.168
MinimumVisualStudioVersion = 10.0.40219.1
Project("{FAE04EC0-301F-11D3-BF4B-00C04F79EFBC}") = "RHVoice-cs-wrapper", "RHVoice-cs-wrapper\RHVoice-cs-wrapper.csproj", "{C26FFC9C-1996-432E-9E8E-4BD50DEF8724}"
EndProject
Project("{FAE04EC0-301F-11D3-BF4B-00C04F79EFBC}") = "RHVoice-interop", "RHVoice-interop\RHVoice-interop.csproj", "{B6F3C706-EE89-47F8-B895-3E70FAFF6F56}"
EndProject
Global
	GlobalSection(SolutionConfigurationPlatforms) = preSolution
		Debug|Any CPU = Debug|Any CPU
		Release|Any CPU = Release|Any CPU
	EndGlobalSection
	GlobalSection(ProjectConfigurationPlatforms) = postSolution
		{C26FFC9C-1996-432E-9E8E-4BD50DEF8724}.Debug|Any CPU.ActiveCfg = Debug|Any CPU
		{C26FFC9C-1996-432E-9E8E-4BD50DEF8724}.Debug|Any CPU.Build.0 = Debug|Any CPU
		{C26FFC9C-1996-432E-9E8E-4BD50DEF8724}.Release|Any CPU.ActiveCfg = Release|Any CPU
		{C26FFC9C-1996-432E-9E8E-4BD50DEF8724}.Release|Any CPU.Build.0 = Release|Any CPU
		{B6F3C706-EE89-47F8-B895-3E70FAFF6F56}.Debug|Any CPU.ActiveCfg = Debug|Any CPU
		{B6F3C706-EE89-47F8-B895-3E70FAFF6F56}.Debug|Any CPU.Build.0 = Debug|Any CPU
		{B6F3C706-EE89-47F8-B895-3E70FAFF6F56}.Release|Any CPU.ActiveCfg = Release|Any CPU
		{B6F3C706-EE89-47F8-B895-3E70FAFF6F56}.Release|Any CPU.Build.0 = Release|Any CPU
	EndGlobalSection
	GlobalSection(SolutionProperties) = preSolution
		HideSolutionNode = FALSE
	EndGlobalSection
	GlobalSection(ExtensibilityGlobals) = postSolution
		SolutionGuid = {B954848F-9C50-45B2-8F34-02160C009988}
	EndGlobalSection
EndGlobal
